
Microsoft Visual Studio Solution File, Format Version 12.00
# Visual Studio Version 16
VisualStudioVersion = 16.0.30717.126
MinimumVisualStudioVersion = 10.0.40219.1
Project("{9A19103F-16F7-4668-BE54-9A1E7A4F7556}") = "HelloJkwCore", "HelloJkwCore\HelloJkwCore.csproj", "{438752BD-95D3-43EF-A383-10C9BD845F47}"
EndProject
Project("{9A19103F-16F7-4668-BE54-9A1E7A4F7556}") = "Common", "Common\Common.csproj", "{ACDE37B4-0944-427D-AE0F-71873731658C}"
EndProject
Global
	GlobalSection(SolutionConfigurationPlatforms) = preSolution
		Debug|Any CPU = Debug|Any CPU
		Release|Any CPU = Release|Any CPU
	EndGlobalSection
	GlobalSection(ProjectConfigurationPlatforms) = postSolution
		{438752BD-95D3-43EF-A383-10C9BD845F47}.Debug|Any CPU.ActiveCfg = Debug|Any CPU
		{438752BD-95D3-43EF-A383-10C9BD845F47}.Debug|Any CPU.Build.0 = Debug|Any CPU
		{438752BD-95D3-43EF-A383-10C9BD845F47}.Release|Any CPU.ActiveCfg = Release|Any CPU
		{438752BD-95D3-43EF-A383-10C9BD845F47}.Release|Any CPU.Build.0 = Release|Any CPU
		{ACDE37B4-0944-427D-AE0F-71873731658C}.Debug|Any CPU.ActiveCfg = Debug|Any CPU
		{ACDE37B4-0944-427D-AE0F-71873731658C}.Debug|Any CPU.Build.0 = Debug|Any CPU
		{ACDE37B4-0944-427D-AE0F-71873731658C}.Release|Any CPU.ActiveCfg = Release|Any CPU
		{ACDE37B4-0944-427D-AE0F-71873731658C}.Release|Any CPU.Build.0 = Release|Any CPU
	EndGlobalSection
	GlobalSection(SolutionProperties) = preSolution
		HideSolutionNode = FALSE
	EndGlobalSection
	GlobalSection(ExtensibilityGlobals) = postSolution
		SolutionGuid = {906D85C5-6814-4DD7-A27B-BA20BFAC835B}
	EndGlobalSection
EndGlobal
