
Microsoft Visual Studio Solution File, Format Version 12.00
# Visual Studio Version 17
VisualStudioVersion = 17.0.31903.59
MinimumVisualStudioVersion = 10.0.40219.1
Project("{FAE04EC0-301F-11D3-BF4B-00C04F79EFBC}") = "HelloJkwCore", "HelloJkwCore\HelloJkwCore.csproj", "{438752BD-95D3-43EF-A383-10C9BD845F47}"
EndProject
Project("{9A19103F-16F7-4668-BE54-9A1E7A4F7556}") = "Common", "Common\Common.csproj", "{ACDE37B4-0944-427D-AE0F-71873731658C}"
EndProject
Project("{9A19103F-16F7-4668-BE54-9A1E7A4F7556}") = "ProjectDiary", "ProjectDiary\ProjectDiary.csproj", "{F7106A84-599F-4E28-9343-0B212634DF86}"
EndProject
Project("{FAE04EC0-301F-11D3-BF4B-00C04F79EFBC}") = "Tests", "Tests\Tests\Tests.csproj", "{60837715-5E5F-46FD-AC83-CF9E1FCD6B48}"
EndProject
Project("{9A19103F-16F7-4668-BE54-9A1E7A4F7556}") = "ProjectSuFc", "ProjectSuFc\ProjectSuFc.csproj", "{013200D3-1BCB-4E7C-AD42-EAEB011B4D7C}"
EndProject
Project("{9A19103F-16F7-4668-BE54-9A1E7A4F7556}") = "ProjectBaduk", "ProjectBaduk\ProjectBaduk.csproj", "{6C9F7DC0-02D5-4ADF-A8F1-8DC2A208114B}"
EndProject
Project("{2150E333-8FDC-42A3-9474-1A3956D46DE8}") = "Tests", "Tests", "{F0A3A004-E9A9-44EA-A457-8B1E629A7067}"
EndProject
Global
	GlobalSection(SolutionConfigurationPlatforms) = preSolution
		Debug|Any CPU = Debug|Any CPU
		Release|Any CPU = Release|Any CPU
	EndGlobalSection
	GlobalSection(ProjectConfigurationPlatforms) = postSolution
		{438752BD-95D3-43EF-A383-10C9BD845F47}.Debug|Any CPU.ActiveCfg = Debug|Any CPU
		{438752BD-95D3-43EF-A383-10C9BD845F47}.Debug|Any CPU.Build.0 = Debug|Any CPU
		{438752BD-95D3-43EF-A383-10C9BD845F47}.Release|Any CPU.ActiveCfg = Release|Any CPU
		{438752BD-95D3-43EF-A383-10C9BD845F47}.Release|Any CPU.Build.0 = Release|Any CPU
		{ACDE37B4-0944-427D-AE0F-71873731658C}.Debug|Any CPU.ActiveCfg = Debug|Any CPU
		{ACDE37B4-0944-427D-AE0F-71873731658C}.Debug|Any CPU.Build.0 = Debug|Any CPU
		{ACDE37B4-0944-427D-AE0F-71873731658C}.Release|Any CPU.ActiveCfg = Release|Any CPU
		{ACDE37B4-0944-427D-AE0F-71873731658C}.Release|Any CPU.Build.0 = Release|Any CPU
		{F7106A84-599F-4E28-9343-0B212634DF86}.Debug|Any CPU.ActiveCfg = Debug|Any CPU
		{F7106A84-599F-4E28-9343-0B212634DF86}.Debug|Any CPU.Build.0 = Debug|Any CPU
		{F7106A84-599F-4E28-9343-0B212634DF86}.Release|Any CPU.ActiveCfg = Release|Any CPU
		{F7106A84-599F-4E28-9343-0B212634DF86}.Release|Any CPU.Build.0 = Release|Any CPU
		{60837715-5E5F-46FD-AC83-CF9E1FCD6B48}.Debug|Any CPU.ActiveCfg = Debug|Any CPU
		{60837715-5E5F-46FD-AC83-CF9E1FCD6B48}.Debug|Any CPU.Build.0 = Debug|Any CPU
		{60837715-5E5F-46FD-AC83-CF9E1FCD6B48}.Release|Any CPU.ActiveCfg = Release|Any CPU
		{60837715-5E5F-46FD-AC83-CF9E1FCD6B48}.Release|Any CPU.Build.0 = Release|Any CPU
		{013200D3-1BCB-4E7C-AD42-EAEB011B4D7C}.Debug|Any CPU.ActiveCfg = Debug|Any CPU
		{013200D3-1BCB-4E7C-AD42-EAEB011B4D7C}.Debug|Any CPU.Build.0 = Debug|Any CPU
		{013200D3-1BCB-4E7C-AD42-EAEB011B4D7C}.Release|Any CPU.ActiveCfg = Release|Any CPU
		{013200D3-1BCB-4E7C-AD42-EAEB011B4D7C}.Release|Any CPU.Build.0 = Release|Any CPU
		{6C9F7DC0-02D5-4ADF-A8F1-8DC2A208114B}.Debug|Any CPU.ActiveCfg = Debug|Any CPU
		{6C9F7DC0-02D5-4ADF-A8F1-8DC2A208114B}.Debug|Any CPU.Build.0 = Debug|Any CPU
		{6C9F7DC0-02D5-4ADF-A8F1-8DC2A208114B}.Release|Any CPU.ActiveCfg = Release|Any CPU
		{6C9F7DC0-02D5-4ADF-A8F1-8DC2A208114B}.Release|Any CPU.Build.0 = Release|Any CPU
	EndGlobalSection
	GlobalSection(SolutionProperties) = preSolution
		HideSolutionNode = FALSE
	EndGlobalSection
	GlobalSection(ExtensibilityGlobals) = postSolution
		SolutionGuid = {906D85C5-6814-4DD7-A27B-BA20BFAC835B}
	EndGlobalSection
	GlobalSection(NestedProjects) = preSolution
		{60837715-5E5F-46FD-AC83-CF9E1FCD6B48} = {F0A3A004-E9A9-44EA-A457-8B1E629A7067}
	EndGlobalSection
EndGlobal
